
Microsoft Visual Studio Solution File, Format Version 12.00
# Visual Studio Version 16
VisualStudioVersion = 16.0.28803.452
MinimumVisualStudioVersion = 10.0.40219.1
Project("{9A19103F-16F7-4668-BE54-9A1E7A4F7556}") = "GP.BackOffice.Web", "GP.BackOffice.Web\GP.BackOffice.Web.csproj", "{DB7FCAC1-AF7E-44F4-9BED-F80FB4003C42}"
EndProject
Project("{9A19103F-16F7-4668-BE54-9A1E7A4F7556}") = "GP.Application.Web", "GP.Application.Web\GP.Application.Web.csproj", "{6F4CCD7D-F75F-41B4-A104-32A8829141BA}"
EndProject
Project("{2150E333-8FDC-42A3-9474-1A3956D46DE8}") = "01 Core", "01 Core", "{5585403E-C775-4EC1-BF03-F1B80B279071}"
EndProject
Project("{2150E333-8FDC-42A3-9474-1A3956D46DE8}") = "02 Services", "02 Services", "{DE46B2C4-5CC0-4881-B0E5-F81A5634C66C}"
EndProject
Project("{2150E333-8FDC-42A3-9474-1A3956D46DE8}") = "03 UI", "03 UI", "{C89D3117-A2F3-40A7-8E12-5A9E29C08958}"
EndProject
Project("{9A19103F-16F7-4668-BE54-9A1E7A4F7556}") = "GP.Core", "GP.Core\GP.Core.csproj", "{B3E68B81-AB7B-4557-A56C-443BE55D3F89}"
EndProject
Project("{9A19103F-16F7-4668-BE54-9A1E7A4F7556}") = "GP.WebApi", "GP.WebApi\GP.WebApi.csproj", "{0C9C8FD5-32B9-4A02-902F-F7EBCF5E36BB}"
EndProject
Project("{2150E333-8FDC-42A3-9474-1A3956D46DE8}") = "04 Testing", "04 Testing", "{094A1A19-4956-4334-B684-EA95F6B18669}"
EndProject
Project("{9A19103F-16F7-4668-BE54-9A1E7A4F7556}") = "GP.Test", "GP.Test\GP.Test.csproj", "{C3CCE47D-B81B-4E47-8B3F-3D4DE7817728}"
EndProject
Project("{FAE04EC0-301F-11D3-BF4B-00C04F79EFBC}") = "GP.GradeoServiceWorker", "GP.GradeoServiceWorker\GP.GradeoServiceWorker.csproj", "{F4DBBBD6-08AC-4559-A644-0DE929287EA3}"
EndProject
Global
	GlobalSection(SolutionConfigurationPlatforms) = preSolution
		Debug|Any CPU = Debug|Any CPU
		Release|Any CPU = Release|Any CPU
	EndGlobalSection
	GlobalSection(ProjectConfigurationPlatforms) = postSolution
		{DB7FCAC1-AF7E-44F4-9BED-F80FB4003C42}.Debug|Any CPU.ActiveCfg = Debug|Any CPU
		{DB7FCAC1-AF7E-44F4-9BED-F80FB4003C42}.Debug|Any CPU.Build.0 = Debug|Any CPU
		{DB7FCAC1-AF7E-44F4-9BED-F80FB4003C42}.Release|Any CPU.ActiveCfg = Release|Any CPU
		{DB7FCAC1-AF7E-44F4-9BED-F80FB4003C42}.Release|Any CPU.Build.0 = Release|Any CPU
		{6F4CCD7D-F75F-41B4-A104-32A8829141BA}.Debug|Any CPU.ActiveCfg = Debug|Any CPU
		{6F4CCD7D-F75F-41B4-A104-32A8829141BA}.Debug|Any CPU.Build.0 = Debug|Any CPU
		{6F4CCD7D-F75F-41B4-A104-32A8829141BA}.Release|Any CPU.ActiveCfg = Release|Any CPU
		{6F4CCD7D-F75F-41B4-A104-32A8829141BA}.Release|Any CPU.Build.0 = Release|Any CPU
		{B3E68B81-AB7B-4557-A56C-443BE55D3F89}.Debug|Any CPU.ActiveCfg = Debug|Any CPU
		{B3E68B81-AB7B-4557-A56C-443BE55D3F89}.Debug|Any CPU.Build.0 = Debug|Any CPU
		{B3E68B81-AB7B-4557-A56C-443BE55D3F89}.Release|Any CPU.ActiveCfg = Release|Any CPU
		{B3E68B81-AB7B-4557-A56C-443BE55D3F89}.Release|Any CPU.Build.0 = Release|Any CPU
		{0C9C8FD5-32B9-4A02-902F-F7EBCF5E36BB}.Debug|Any CPU.ActiveCfg = Debug|Any CPU
		{0C9C8FD5-32B9-4A02-902F-F7EBCF5E36BB}.Debug|Any CPU.Build.0 = Debug|Any CPU
		{0C9C8FD5-32B9-4A02-902F-F7EBCF5E36BB}.Release|Any CPU.ActiveCfg = Release|Any CPU
		{0C9C8FD5-32B9-4A02-902F-F7EBCF5E36BB}.Release|Any CPU.Build.0 = Release|Any CPU
		{C3CCE47D-B81B-4E47-8B3F-3D4DE7817728}.Debug|Any CPU.ActiveCfg = Debug|Any CPU
		{C3CCE47D-B81B-4E47-8B3F-3D4DE7817728}.Debug|Any CPU.Build.0 = Debug|Any CPU
		{C3CCE47D-B81B-4E47-8B3F-3D4DE7817728}.Release|Any CPU.ActiveCfg = Release|Any CPU
		{C3CCE47D-B81B-4E47-8B3F-3D4DE7817728}.Release|Any CPU.Build.0 = Release|Any CPU
		{F4DBBBD6-08AC-4559-A644-0DE929287EA3}.Debug|Any CPU.ActiveCfg = Debug|Any CPU
		{F4DBBBD6-08AC-4559-A644-0DE929287EA3}.Debug|Any CPU.Build.0 = Debug|Any CPU
		{F4DBBBD6-08AC-4559-A644-0DE929287EA3}.Release|Any CPU.ActiveCfg = Release|Any CPU
		{F4DBBBD6-08AC-4559-A644-0DE929287EA3}.Release|Any CPU.Build.0 = Release|Any CPU
	EndGlobalSection
	GlobalSection(SolutionProperties) = preSolution
		HideSolutionNode = FALSE
	EndGlobalSection
	GlobalSection(NestedProjects) = preSolution
		{DB7FCAC1-AF7E-44F4-9BED-F80FB4003C42} = {C89D3117-A2F3-40A7-8E12-5A9E29C08958}
		{6F4CCD7D-F75F-41B4-A104-32A8829141BA} = {C89D3117-A2F3-40A7-8E12-5A9E29C08958}
		{B3E68B81-AB7B-4557-A56C-443BE55D3F89} = {5585403E-C775-4EC1-BF03-F1B80B279071}
		{0C9C8FD5-32B9-4A02-902F-F7EBCF5E36BB} = {DE46B2C4-5CC0-4881-B0E5-F81A5634C66C}
		{C3CCE47D-B81B-4E47-8B3F-3D4DE7817728} = {094A1A19-4956-4334-B684-EA95F6B18669}
		{F4DBBBD6-08AC-4559-A644-0DE929287EA3} = {C89D3117-A2F3-40A7-8E12-5A9E29C08958}
	EndGlobalSection
	GlobalSection(ExtensibilityGlobals) = postSolution
		SolutionGuid = {3D1B370D-6481-480E-BAA8-2E8FDC5EF8FF}
	EndGlobalSection
	GlobalSection(TeamFoundationVersionControl) = preSolution
		SccNumberOfProjects = 7
		SccEnterpriseProvider = {4CA58AB2-18FA-4F8D-95D4-32DDF27D184C}
		SccTeamFoundationServer = https://fmiranda.visualstudio.com/
		SccLocalPath0 = .
		SccProjectUniqueName1 = GP.Application.Web\\GP.Application.Web.csproj
		SccProjectTopLevelParentUniqueName1 = GrupoPitazo.sln
		SccProjectName1 = GP.Application.Web
		SccLocalPath1 = GP.Application.Web
		SccProjectUniqueName2 = GP.BackOffice.Web\\GP.BackOffice.Web.csproj
		SccProjectTopLevelParentUniqueName2 = GrupoPitazo.sln
		SccProjectName2 = GP.BackOffice.Web
		SccLocalPath2 = GP.BackOffice.Web
		SccProjectUniqueName3 = GP.Core\\GP.Core.csproj
		SccProjectTopLevelParentUniqueName3 = GrupoPitazo.sln
		SccProjectName3 = GP.Core
		SccLocalPath3 = GP.Core
		SccProjectUniqueName4 = GP.Test\\GP.Test.csproj
		SccProjectTopLevelParentUniqueName4 = GrupoPitazo.sln
		SccProjectName4 = GP.Test
		SccLocalPath4 = GP.Test
		SccProjectUniqueName5 = GP.WebApi\\GP.WebApi.csproj
		SccProjectTopLevelParentUniqueName5 = GrupoPitazo.sln
		SccProjectName5 = GP.WebApi
		SccLocalPath5 = GP.WebApi
		SccProjectUniqueName6 = GP.GradeoServiceWorker\\GP.GradeoServiceWorker.csproj
		SccProjectTopLevelParentUniqueName6 = GrupoPitazo.sln
		SccProjectName6 = GP.GradeoServiceWorker
		SccLocalPath6 = GP.GradeoServiceWorker
	EndGlobalSection
EndGlobal
